// !$*UTF8*$!
{
	archiveVersion = 1;
	classes = {
	};
	objectVersion = 56;
	objects = {

/* Begin PBXBuildFile section */
		2F70233B2B0435C2003BD06D /* jeraldjournalApp.swift in Sources */ = {isa = PBXBuildFile; fileRef = 2F70233A2B0435C2003BD06D /* jeraldjournalApp.swift */; };
		2F70233D2B0435C2003BD06D /* ContentView.swift in Sources */ = {isa = PBXBuildFile; fileRef = 2F70233C2B0435C2003BD06D /* ContentView.swift */; };
		2F70233F2B0435C5003BD06D /* Assets.xcassets in Resources */ = {isa = PBXBuildFile; fileRef = 2F70233E2B0435C5003BD06D /* Assets.xcassets */; };
		2F7023422B0435C5003BD06D /* Preview Assets.xcassets in Resources */ = {isa = PBXBuildFile; fileRef = 2F7023412B0435C5003BD06D /* Preview Assets.xcassets */; };
		2F7023442B0435C5003BD06D /* Persistence.swift in Sources */ = {isa = PBXBuildFile; fileRef = 2F7023432B0435C5003BD06D /* Persistence.swift */; };
		2F7023472B0435C5003BD06D /* jeraldjournal.xcdatamodeld in Sources */ = {isa = PBXBuildFile; fileRef = 2F7023452B0435C5003BD06D /* jeraldjournal.xcdatamodeld */; };
		2F7023532B0435C5003BD06D /* jeraldjournalTests.swift in Sources */ = {isa = PBXBuildFile; fileRef = 2F7023522B0435C5003BD06D /* jeraldjournalTests.swift */; };
		2F70235D2B0435C5003BD06D /* jeraldjournalUITests.swift in Sources */ = {isa = PBXBuildFile; fileRef = 2F70235C2B0435C5003BD06D /* jeraldjournalUITests.swift */; };
		2F70235F2B0435C5003BD06D /* jeraldjournalUITestsLaunchTests.swift in Sources */ = {isa = PBXBuildFile; fileRef = 2F70235E2B0435C5003BD06D /* jeraldjournalUITestsLaunchTests.swift */; };
		2F70236C2B0435D6003BD06D /* Home.swift in Sources */ = {isa = PBXBuildFile; fileRef = 2F70236B2B0435D6003BD06D /* Home.swift */; };
		2F70236E2B0435F8003BD06D /* PhotoSelection.swift in Sources */ = {isa = PBXBuildFile; fileRef = 2F70236D2B0435F8003BD06D /* PhotoSelection.swift */; };
		2F7023702B043638003BD06D /* Record.swift in Sources */ = {isa = PBXBuildFile; fileRef = 2F70236F2B043638003BD06D /* Record.swift */; };
		2F7023722B043652003BD06D /* MusicSelection.swift in Sources */ = {isa = PBXBuildFile; fileRef = 2F7023712B043652003BD06D /* MusicSelection.swift */; };
		2F7023742B0436CA003BD06D /* api-configurations.swift in Sources */ = {isa = PBXBuildFile; fileRef = 2F7023732B0436CA003BD06D /* api-configurations.swift */; };
		2F7023772B0436F7003BD06D /* OpenAI in Frameworks */ = {isa = PBXBuildFile; productRef = 2F7023762B0436F7003BD06D /* OpenAI */; };
		2FEAC2642B04530D00261A7D /* GoogleService-Info.plist in Resources */ = {isa = PBXBuildFile; fileRef = 2FEAC2632B04530D00261A7D /* GoogleService-Info.plist */; };
		2FEAC2652B04530D00261A7D /* GoogleService-Info.plist in Resources */ = {isa = PBXBuildFile; fileRef = 2FEAC2632B04530D00261A7D /* GoogleService-Info.plist */; };
		2FEAC2662B04530D00261A7D /* GoogleService-Info.plist in Resources */ = {isa = PBXBuildFile; fileRef = 2FEAC2632B04530D00261A7D /* GoogleService-Info.plist */; };
		2FEAC2692B0459F500261A7D /* FirebaseAnalytics in Frameworks */ = {isa = PBXBuildFile; productRef = 2FEAC2682B0459F500261A7D /* FirebaseAnalytics */; };
		2FEAC26B2B0459F500261A7D /* FirebaseAnalyticsOnDeviceConversion in Frameworks */ = {isa = PBXBuildFile; productRef = 2FEAC26A2B0459F500261A7D /* FirebaseAnalyticsOnDeviceConversion */; };
		2FEAC26D2B0459F500261A7D /* FirebaseAnalyticsSwift in Frameworks */ = {isa = PBXBuildFile; productRef = 2FEAC26C2B0459F500261A7D /* FirebaseAnalyticsSwift */; };
		2FEAC26F2B0459F500261A7D /* FirebaseAnalyticsWithoutAdIdSupport in Frameworks */ = {isa = PBXBuildFile; productRef = 2FEAC26E2B0459F500261A7D /* FirebaseAnalyticsWithoutAdIdSupport */; };
		2FEAC2712B0459F500261A7D /* FirebaseAppCheck in Frameworks */ = {isa = PBXBuildFile; productRef = 2FEAC2702B0459F500261A7D /* FirebaseAppCheck */; };
		2FEAC2732B0459F500261A7D /* FirebaseAppDistribution-Beta in Frameworks */ = {isa = PBXBuildFile; productRef = 2FEAC2722B0459F500261A7D /* FirebaseAppDistribution-Beta */; };
		2FEAC2752B0459F500261A7D /* FirebaseAuth in Frameworks */ = {isa = PBXBuildFile; productRef = 2FEAC2742B0459F500261A7D /* FirebaseAuth */; };
		2FEAC2772B0459F500261A7D /* FirebaseAuthCombine-Community in Frameworks */ = {isa = PBXBuildFile; productRef = 2FEAC2762B0459F500261A7D /* FirebaseAuthCombine-Community */; };
		2FEAC2792B0459F500261A7D /* FirebaseCrashlytics in Frameworks */ = {isa = PBXBuildFile; productRef = 2FEAC2782B0459F500261A7D /* FirebaseCrashlytics */; };
		2FEAC27B2B0459F500261A7D /* FirebaseDatabase in Frameworks */ = {isa = PBXBuildFile; productRef = 2FEAC27A2B0459F500261A7D /* FirebaseDatabase */; };
		2FEAC27D2B0459F500261A7D /* FirebaseDatabaseSwift in Frameworks */ = {isa = PBXBuildFile; productRef = 2FEAC27C2B0459F500261A7D /* FirebaseDatabaseSwift */; };
		2FEAC27F2B0459F500261A7D /* FirebaseDynamicLinks in Frameworks */ = {isa = PBXBuildFile; productRef = 2FEAC27E2B0459F500261A7D /* FirebaseDynamicLinks */; };
		2FEAC2812B0459F500261A7D /* FirebaseFirestore in Frameworks */ = {isa = PBXBuildFile; productRef = 2FEAC2802B0459F500261A7D /* FirebaseFirestore */; };
		2FEAC2832B0459F500261A7D /* FirebaseFirestoreCombine-Community in Frameworks */ = {isa = PBXBuildFile; productRef = 2FEAC2822B0459F500261A7D /* FirebaseFirestoreCombine-Community */; };
		2FEAC2852B0459F500261A7D /* FirebaseFirestoreSwift in Frameworks */ = {isa = PBXBuildFile; productRef = 2FEAC2842B0459F500261A7D /* FirebaseFirestoreSwift */; };
		2FEAC2872B0459F500261A7D /* FirebaseFunctions in Frameworks */ = {isa = PBXBuildFile; productRef = 2FEAC2862B0459F500261A7D /* FirebaseFunctions */; };
		2FEAC2892B0459F500261A7D /* FirebaseFunctionsCombine-Community in Frameworks */ = {isa = PBXBuildFile; productRef = 2FEAC2882B0459F500261A7D /* FirebaseFunctionsCombine-Community */; };
		2FEAC28B2B0459F500261A7D /* FirebaseInAppMessaging-Beta in Frameworks */ = {isa = PBXBuildFile; productRef = 2FEAC28A2B0459F500261A7D /* FirebaseInAppMessaging-Beta */; };
		2FEAC28D2B0459F500261A7D /* FirebaseInAppMessagingSwift-Beta in Frameworks */ = {isa = PBXBuildFile; productRef = 2FEAC28C2B0459F500261A7D /* FirebaseInAppMessagingSwift-Beta */; };
		2FEAC28F2B0459F500261A7D /* FirebaseInstallations in Frameworks */ = {isa = PBXBuildFile; productRef = 2FEAC28E2B0459F500261A7D /* FirebaseInstallations */; };
		2FEAC2912B0459F500261A7D /* FirebaseMessaging in Frameworks */ = {isa = PBXBuildFile; productRef = 2FEAC2902B0459F500261A7D /* FirebaseMessaging */; };
		2FEAC2932B0459F500261A7D /* FirebaseMLModelDownloader in Frameworks */ = {isa = PBXBuildFile; productRef = 2FEAC2922B0459F500261A7D /* FirebaseMLModelDownloader */; };
		2FEAC2952B0459F500261A7D /* FirebasePerformance in Frameworks */ = {isa = PBXBuildFile; productRef = 2FEAC2942B0459F500261A7D /* FirebasePerformance */; };
		2FEAC2972B0459F500261A7D /* FirebaseRemoteConfig in Frameworks */ = {isa = PBXBuildFile; productRef = 2FEAC2962B0459F500261A7D /* FirebaseRemoteConfig */; };
		2FEAC2992B0459F500261A7D /* FirebaseRemoteConfigSwift in Frameworks */ = {isa = PBXBuildFile; productRef = 2FEAC2982B0459F500261A7D /* FirebaseRemoteConfigSwift */; };
		2FEAC29B2B0459F500261A7D /* FirebaseStorage in Frameworks */ = {isa = PBXBuildFile; productRef = 2FEAC29A2B0459F500261A7D /* FirebaseStorage */; };
		2FEAC29D2B0459F500261A7D /* FirebaseStorageCombine-Community in Frameworks */ = {isa = PBXBuildFile; productRef = 2FEAC29C2B0459F500261A7D /* FirebaseStorageCombine-Community */; };
/* End PBXBuildFile section */

/* Begin PBXContainerItemProxy section */
		2F70234F2B0435C5003BD06D /* PBXContainerItemProxy */ = {
			isa = PBXContainerItemProxy;
			containerPortal = 2F70232F2B0435C2003BD06D /* Project object */;
			proxyType = 1;
			remoteGlobalIDString = 2F7023362B0435C2003BD06D;
			remoteInfo = jeraldjournal;
		};
		2F7023592B0435C5003BD06D /* PBXContainerItemProxy */ = {
			isa = PBXContainerItemProxy;
			containerPortal = 2F70232F2B0435C2003BD06D /* Project object */;
			proxyType = 1;
			remoteGlobalIDString = 2F7023362B0435C2003BD06D;
			remoteInfo = jeraldjournal;
		};
/* End PBXContainerItemProxy section */

/* Begin PBXFileReference section */
		2F7023372B0435C2003BD06D /* jeraldjournal.app */ = {isa = PBXFileReference; explicitFileType = wrapper.application; includeInIndex = 0; path = jeraldjournal.app; sourceTree = BUILT_PRODUCTS_DIR; };
		2F70233A2B0435C2003BD06D /* jeraldjournalApp.swift */ = {isa = PBXFileReference; lastKnownFileType = sourcecode.swift; path = jeraldjournalApp.swift; sourceTree = "<group>"; };
		2F70233C2B0435C2003BD06D /* ContentView.swift */ = {isa = PBXFileReference; lastKnownFileType = sourcecode.swift; path = ContentView.swift; sourceTree = "<group>"; };
		2F70233E2B0435C5003BD06D /* Assets.xcassets */ = {isa = PBXFileReference; lastKnownFileType = folder.assetcatalog; path = Assets.xcassets; sourceTree = "<group>"; };
		2F7023412B0435C5003BD06D /* Preview Assets.xcassets */ = {isa = PBXFileReference; lastKnownFileType = folder.assetcatalog; path = "Preview Assets.xcassets"; sourceTree = "<group>"; };
		2F7023432B0435C5003BD06D /* Persistence.swift */ = {isa = PBXFileReference; lastKnownFileType = sourcecode.swift; path = Persistence.swift; sourceTree = "<group>"; };
		2F7023462B0435C5003BD06D /* jeraldjournal.xcdatamodel */ = {isa = PBXFileReference; lastKnownFileType = wrapper.xcdatamodel; path = jeraldjournal.xcdatamodel; sourceTree = "<group>"; };
		2F7023482B0435C5003BD06D /* jeraldjournal.entitlements */ = {isa = PBXFileReference; lastKnownFileType = text.plist.entitlements; path = jeraldjournal.entitlements; sourceTree = "<group>"; };
		2F7023492B0435C5003BD06D /* Info.plist */ = {isa = PBXFileReference; lastKnownFileType = text.plist.xml; path = Info.plist; sourceTree = "<group>"; };
		2F70234E2B0435C5003BD06D /* jeraldjournalTests.xctest */ = {isa = PBXFileReference; explicitFileType = wrapper.cfbundle; includeInIndex = 0; path = jeraldjournalTests.xctest; sourceTree = BUILT_PRODUCTS_DIR; };
		2F7023522B0435C5003BD06D /* jeraldjournalTests.swift */ = {isa = PBXFileReference; lastKnownFileType = sourcecode.swift; path = jeraldjournalTests.swift; sourceTree = "<group>"; };
		2F7023582B0435C5003BD06D /* jeraldjournalUITests.xctest */ = {isa = PBXFileReference; explicitFileType = wrapper.cfbundle; includeInIndex = 0; path = jeraldjournalUITests.xctest; sourceTree = BUILT_PRODUCTS_DIR; };
		2F70235C2B0435C5003BD06D /* jeraldjournalUITests.swift */ = {isa = PBXFileReference; lastKnownFileType = sourcecode.swift; path = jeraldjournalUITests.swift; sourceTree = "<group>"; };
		2F70235E2B0435C5003BD06D /* jeraldjournalUITestsLaunchTests.swift */ = {isa = PBXFileReference; lastKnownFileType = sourcecode.swift; path = jeraldjournalUITestsLaunchTests.swift; sourceTree = "<group>"; };
		2F70236B2B0435D6003BD06D /* Home.swift */ = {isa = PBXFileReference; lastKnownFileType = sourcecode.swift; path = Home.swift; sourceTree = "<group>"; };
		2F70236D2B0435F8003BD06D /* PhotoSelection.swift */ = {isa = PBXFileReference; lastKnownFileType = sourcecode.swift; path = PhotoSelection.swift; sourceTree = "<group>"; };
		2F70236F2B043638003BD06D /* Record.swift */ = {isa = PBXFileReference; lastKnownFileType = sourcecode.swift; path = Record.swift; sourceTree = "<group>"; };
		2F7023712B043652003BD06D /* MusicSelection.swift */ = {isa = PBXFileReference; lastKnownFileType = sourcecode.swift; path = MusicSelection.swift; sourceTree = "<group>"; };
		2F7023732B0436CA003BD06D /* api-configurations.swift */ = {isa = PBXFileReference; lastKnownFileType = sourcecode.swift; path = "api-configurations.swift"; sourceTree = "<group>"; };
		2FEAC2632B04530D00261A7D /* GoogleService-Info.plist */ = {isa = PBXFileReference; fileEncoding = 4; lastKnownFileType = text.plist.xml; name = "GoogleService-Info.plist"; path = "../../../../../Downloads/GoogleService-Info.plist"; sourceTree = "<group>"; };
/* End PBXFileReference section */

/* Begin PBXFrameworksBuildPhase section */
		2F7023342B0435C2003BD06D /* Frameworks */ = {
			isa = PBXFrameworksBuildPhase;
			buildActionMask = 2147483647;
			files = (
				2FEAC2872B0459F500261A7D /* FirebaseFunctions in Frameworks */,
				2FEAC27D2B0459F500261A7D /* FirebaseDatabaseSwift in Frameworks */,
				2FEAC28D2B0459F500261A7D /* FirebaseInAppMessagingSwift-Beta in Frameworks */,
				2FEAC2732B0459F500261A7D /* FirebaseAppDistribution-Beta in Frameworks */,
				2FEAC2772B0459F500261A7D /* FirebaseAuthCombine-Community in Frameworks */,
				2FEAC2832B0459F500261A7D /* FirebaseFirestoreCombine-Community in Frameworks */,
				2FEAC26D2B0459F500261A7D /* FirebaseAnalyticsSwift in Frameworks */,
				2FEAC26F2B0459F500261A7D /* FirebaseAnalyticsWithoutAdIdSupport in Frameworks */,
				2FEAC2692B0459F500261A7D /* FirebaseAnalytics in Frameworks */,
				2FEAC2932B0459F500261A7D /* FirebaseMLModelDownloader in Frameworks */,
				2FEAC2852B0459F500261A7D /* FirebaseFirestoreSwift in Frameworks */,
				2FEAC26B2B0459F500261A7D /* FirebaseAnalyticsOnDeviceConversion in Frameworks */,
				2FEAC2712B0459F500261A7D /* FirebaseAppCheck in Frameworks */,
				2FEAC28B2B0459F500261A7D /* FirebaseInAppMessaging-Beta in Frameworks */,
				2FEAC2952B0459F500261A7D /* FirebasePerformance in Frameworks */,
				2FEAC2892B0459F500261A7D /* FirebaseFunctionsCombine-Community in Frameworks */,
				2FEAC2792B0459F500261A7D /* FirebaseCrashlytics in Frameworks */,
				2FEAC28F2B0459F500261A7D /* FirebaseInstallations in Frameworks */,
				2FEAC27B2B0459F500261A7D /* FirebaseDatabase in Frameworks */,
				2FEAC2972B0459F500261A7D /* FirebaseRemoteConfig in Frameworks */,
				2FEAC29B2B0459F500261A7D /* FirebaseStorage in Frameworks */,
				2F7023772B0436F7003BD06D /* OpenAI in Frameworks */,
				2FEAC29D2B0459F500261A7D /* FirebaseStorageCombine-Community in Frameworks */,
				2FEAC2752B0459F500261A7D /* FirebaseAuth in Frameworks */,
				2FEAC27F2B0459F500261A7D /* FirebaseDynamicLinks in Frameworks */,
				2FEAC2912B0459F500261A7D /* FirebaseMessaging in Frameworks */,
				2FEAC2812B0459F500261A7D /* FirebaseFirestore in Frameworks */,
				2FEAC2992B0459F500261A7D /* FirebaseRemoteConfigSwift in Frameworks */,
			);
			runOnlyForDeploymentPostprocessing = 0;
		};
		2F70234B2B0435C5003BD06D /* Frameworks */ = {
			isa = PBXFrameworksBuildPhase;
			buildActionMask = 2147483647;
			files = (
			);
			runOnlyForDeploymentPostprocessing = 0;
		};
		2F7023552B0435C5003BD06D /* Frameworks */ = {
			isa = PBXFrameworksBuildPhase;
			buildActionMask = 2147483647;
			files = (
			);
			runOnlyForDeploymentPostprocessing = 0;
		};
/* End PBXFrameworksBuildPhase section */

/* Begin PBXGroup section */
		2F70232E2B0435C2003BD06D = {
			isa = PBXGroup;
			children = (
				2F7023392B0435C2003BD06D /* jeraldjournal */,
				2F7023512B0435C5003BD06D /* jeraldjournalTests */,
				2F70235B2B0435C5003BD06D /* jeraldjournalUITests */,
				2F7023382B0435C2003BD06D /* Products */,
				2FEAC2672B0459F500261A7D /* Frameworks */,
			);
			sourceTree = "<group>";
		};
		2F7023382B0435C2003BD06D /* Products */ = {
			isa = PBXGroup;
			children = (
				2F7023372B0435C2003BD06D /* jeraldjournal.app */,
				2F70234E2B0435C5003BD06D /* jeraldjournalTests.xctest */,
				2F7023582B0435C5003BD06D /* jeraldjournalUITests.xctest */,
			);
			name = Products;
			sourceTree = "<group>";
		};
		2F7023392B0435C2003BD06D /* jeraldjournal */ = {
			isa = PBXGroup;
			children = (
				2FEAC2632B04530D00261A7D /* GoogleService-Info.plist */,
				2F70233A2B0435C2003BD06D /* jeraldjournalApp.swift */,
				2F7023732B0436CA003BD06D /* api-configurations.swift */,
				2F70236B2B0435D6003BD06D /* Home.swift */,
				2F70236F2B043638003BD06D /* Record.swift */,
				2F7023712B043652003BD06D /* MusicSelection.swift */,
				2F70236D2B0435F8003BD06D /* PhotoSelection.swift */,
				2F70233C2B0435C2003BD06D /* ContentView.swift */,
				2F70233E2B0435C5003BD06D /* Assets.xcassets */,
				2F7023432B0435C5003BD06D /* Persistence.swift */,
				2F7023482B0435C5003BD06D /* jeraldjournal.entitlements */,
				2F7023492B0435C5003BD06D /* Info.plist */,
				2F7023452B0435C5003BD06D /* jeraldjournal.xcdatamodeld */,
				2F7023402B0435C5003BD06D /* Preview Content */,
			);
			path = jeraldjournal;
			sourceTree = "<group>";
		};
		2F7023402B0435C5003BD06D /* Preview Content */ = {
			isa = PBXGroup;
			children = (
				2F7023412B0435C5003BD06D /* Preview Assets.xcassets */,
			);
			path = "Preview Content";
			sourceTree = "<group>";
		};
		2F7023512B0435C5003BD06D /* jeraldjournalTests */ = {
			isa = PBXGroup;
			children = (
				2F7023522B0435C5003BD06D /* jeraldjournalTests.swift */,
			);
			path = jeraldjournalTests;
			sourceTree = "<group>";
		};
		2F70235B2B0435C5003BD06D /* jeraldjournalUITests */ = {
			isa = PBXGroup;
			children = (
				2F70235C2B0435C5003BD06D /* jeraldjournalUITests.swift */,
				2F70235E2B0435C5003BD06D /* jeraldjournalUITestsLaunchTests.swift */,
			);
			path = jeraldjournalUITests;
			sourceTree = "<group>";
		};
		2FEAC2672B0459F500261A7D /* Frameworks */ = {
			isa = PBXGroup;
			children = (
			);
			name = Frameworks;
			sourceTree = "<group>";
		};
/* End PBXGroup section */

/* Begin PBXNativeTarget section */
		2F7023362B0435C2003BD06D /* jeraldjournal */ = {
			isa = PBXNativeTarget;
			buildConfigurationList = 2F7023622B0435C5003BD06D /* Build configuration list for PBXNativeTarget "jeraldjournal" */;
			buildPhases = (
				2F7023332B0435C2003BD06D /* Sources */,
				2F7023342B0435C2003BD06D /* Frameworks */,
				2F7023352B0435C2003BD06D /* Resources */,
			);
			buildRules = (
			);
			dependencies = (
			);
			name = jeraldjournal;
			packageProductDependencies = (
				2F7023762B0436F7003BD06D /* OpenAI */,
				2FEAC2682B0459F500261A7D /* FirebaseAnalytics */,
				2FEAC26A2B0459F500261A7D /* FirebaseAnalyticsOnDeviceConversion */,
				2FEAC26C2B0459F500261A7D /* FirebaseAnalyticsSwift */,
				2FEAC26E2B0459F500261A7D /* FirebaseAnalyticsWithoutAdIdSupport */,
				2FEAC2702B0459F500261A7D /* FirebaseAppCheck */,
				2FEAC2722B0459F500261A7D /* FirebaseAppDistribution-Beta */,
				2FEAC2742B0459F500261A7D /* FirebaseAuth */,
				2FEAC2762B0459F500261A7D /* FirebaseAuthCombine-Community */,
				2FEAC2782B0459F500261A7D /* FirebaseCrashlytics */,
				2FEAC27A2B0459F500261A7D /* FirebaseDatabase */,
				2FEAC27C2B0459F500261A7D /* FirebaseDatabaseSwift */,
				2FEAC27E2B0459F500261A7D /* FirebaseDynamicLinks */,
				2FEAC2802B0459F500261A7D /* FirebaseFirestore */,
				2FEAC2822B0459F500261A7D /* FirebaseFirestoreCombine-Community */,
				2FEAC2842B0459F500261A7D /* FirebaseFirestoreSwift */,
				2FEAC2862B0459F500261A7D /* FirebaseFunctions */,
				2FEAC2882B0459F500261A7D /* FirebaseFunctionsCombine-Community */,
				2FEAC28A2B0459F500261A7D /* FirebaseInAppMessaging-Beta */,
				2FEAC28C2B0459F500261A7D /* FirebaseInAppMessagingSwift-Beta */,
				2FEAC28E2B0459F500261A7D /* FirebaseInstallations */,
				2FEAC2902B0459F500261A7D /* FirebaseMessaging */,
				2FEAC2922B0459F500261A7D /* FirebaseMLModelDownloader */,
				2FEAC2942B0459F500261A7D /* FirebasePerformance */,
				2FEAC2962B0459F500261A7D /* FirebaseRemoteConfig */,
				2FEAC2982B0459F500261A7D /* FirebaseRemoteConfigSwift */,
				2FEAC29A2B0459F500261A7D /* FirebaseStorage */,
				2FEAC29C2B0459F500261A7D /* FirebaseStorageCombine-Community */,
			);
			productName = jeraldjournal;
			productReference = 2F7023372B0435C2003BD06D /* jeraldjournal.app */;
			productType = "com.apple.product-type.application";
		};
		2F70234D2B0435C5003BD06D /* jeraldjournalTests */ = {
			isa = PBXNativeTarget;
			buildConfigurationList = 2F7023652B0435C5003BD06D /* Build configuration list for PBXNativeTarget "jeraldjournalTests" */;
			buildPhases = (
				2F70234A2B0435C5003BD06D /* Sources */,
				2F70234B2B0435C5003BD06D /* Frameworks */,
				2F70234C2B0435C5003BD06D /* Resources */,
			);
			buildRules = (
			);
			dependencies = (
				2F7023502B0435C5003BD06D /* PBXTargetDependency */,
			);
			name = jeraldjournalTests;
			productName = jeraldjournalTests;
			productReference = 2F70234E2B0435C5003BD06D /* jeraldjournalTests.xctest */;
			productType = "com.apple.product-type.bundle.unit-test";
		};
		2F7023572B0435C5003BD06D /* jeraldjournalUITests */ = {
			isa = PBXNativeTarget;
			buildConfigurationList = 2F7023682B0435C5003BD06D /* Build configuration list for PBXNativeTarget "jeraldjournalUITests" */;
			buildPhases = (
				2F7023542B0435C5003BD06D /* Sources */,
				2F7023552B0435C5003BD06D /* Frameworks */,
				2F7023562B0435C5003BD06D /* Resources */,
			);
			buildRules = (
			);
			dependencies = (
				2F70235A2B0435C5003BD06D /* PBXTargetDependency */,
			);
			name = jeraldjournalUITests;
			productName = jeraldjournalUITests;
			productReference = 2F7023582B0435C5003BD06D /* jeraldjournalUITests.xctest */;
			productType = "com.apple.product-type.bundle.ui-testing";
		};
/* End PBXNativeTarget section */

/* Begin PBXProject section */
		2F70232F2B0435C2003BD06D /* Project object */ = {
			isa = PBXProject;
			attributes = {
				BuildIndependentTargetsInParallel = 1;
				LastSwiftUpdateCheck = 1500;
				LastUpgradeCheck = 1500;
				TargetAttributes = {
					2F7023362B0435C2003BD06D = {
						CreatedOnToolsVersion = 15.0;
					};
					2F70234D2B0435C5003BD06D = {
						CreatedOnToolsVersion = 15.0;
						TestTargetID = 2F7023362B0435C2003BD06D;
					};
					2F7023572B0435C5003BD06D = {
						CreatedOnToolsVersion = 15.0;
						TestTargetID = 2F7023362B0435C2003BD06D;
					};
				};
			};
			buildConfigurationList = 2F7023322B0435C2003BD06D /* Build configuration list for PBXProject "jeraldjournal" */;
			compatibilityVersion = "Xcode 14.0";
			developmentRegion = en;
			hasScannedForEncodings = 0;
			knownRegions = (
				en,
				Base,
			);
			mainGroup = 2F70232E2B0435C2003BD06D;
			packageReferences = (
				2F7023752B0436F7003BD06D /* XCRemoteSwiftPackageReference "OpenAI" */,
				2FEAC2582B044ABA00261A7D /* XCRemoteSwiftPackageReference "firebase-ios-sdk" */,
			);
			productRefGroup = 2F7023382B0435C2003BD06D /* Products */;
			projectDirPath = "";
			projectRoot = "";
			targets = (
				2F7023362B0435C2003BD06D /* jeraldjournal */,
				2F70234D2B0435C5003BD06D /* jeraldjournalTests */,
				2F7023572B0435C5003BD06D /* jeraldjournalUITests */,
			);
		};
/* End PBXProject section */

/* Begin PBXResourcesBuildPhase section */
		2F7023352B0435C2003BD06D /* Resources */ = {
			isa = PBXResourcesBuildPhase;
			buildActionMask = 2147483647;
			files = (
				2F7023422B0435C5003BD06D /* Preview Assets.xcassets in Resources */,
				2F70233F2B0435C5003BD06D /* Assets.xcassets in Resources */,
				2FEAC2642B04530D00261A7D /* GoogleService-Info.plist in Resources */,
			);
			runOnlyForDeploymentPostprocessing = 0;
		};
		2F70234C2B0435C5003BD06D /* Resources */ = {
			isa = PBXResourcesBuildPhase;
			buildActionMask = 2147483647;
			files = (
				2FEAC2652B04530D00261A7D /* GoogleService-Info.plist in Resources */,
			);
			runOnlyForDeploymentPostprocessing = 0;
		};
		2F7023562B0435C5003BD06D /* Resources */ = {
			isa = PBXResourcesBuildPhase;
			buildActionMask = 2147483647;
			files = (
				2FEAC2662B04530D00261A7D /* GoogleService-Info.plist in Resources */,
			);
			runOnlyForDeploymentPostprocessing = 0;
		};
/* End PBXResourcesBuildPhase section */

/* Begin PBXSourcesBuildPhase section */
		2F7023332B0435C2003BD06D /* Sources */ = {
			isa = PBXSourcesBuildPhase;
			buildActionMask = 2147483647;
			files = (
				2F7023442B0435C5003BD06D /* Persistence.swift in Sources */,
				2F70236E2B0435F8003BD06D /* PhotoSelection.swift in Sources */,
				2F7023742B0436CA003BD06D /* api-configurations.swift in Sources */,
				2F70233D2B0435C2003BD06D /* ContentView.swift in Sources */,
				2F70236C2B0435D6003BD06D /* Home.swift in Sources */,
				2F7023702B043638003BD06D /* Record.swift in Sources */,
				2F70233B2B0435C2003BD06D /* jeraldjournalApp.swift in Sources */,
				2F7023722B043652003BD06D /* MusicSelection.swift in Sources */,
				2F7023472B0435C5003BD06D /* jeraldjournal.xcdatamodeld in Sources */,
			);
			runOnlyForDeploymentPostprocessing = 0;
		};
		2F70234A2B0435C5003BD06D /* Sources */ = {
			isa = PBXSourcesBuildPhase;
			buildActionMask = 2147483647;
			files = (
				2F7023532B0435C5003BD06D /* jeraldjournalTests.swift in Sources */,
			);
			runOnlyForDeploymentPostprocessing = 0;
		};
		2F7023542B0435C5003BD06D /* Sources */ = {
			isa = PBXSourcesBuildPhase;
			buildActionMask = 2147483647;
			files = (
				2F70235F2B0435C5003BD06D /* jeraldjournalUITestsLaunchTests.swift in Sources */,
				2F70235D2B0435C5003BD06D /* jeraldjournalUITests.swift in Sources */,
			);
			runOnlyForDeploymentPostprocessing = 0;
		};
/* End PBXSourcesBuildPhase section */

/* Begin PBXTargetDependency section */
		2F7023502B0435C5003BD06D /* PBXTargetDependency */ = {
			isa = PBXTargetDependency;
			target = 2F7023362B0435C2003BD06D /* jeraldjournal */;
			targetProxy = 2F70234F2B0435C5003BD06D /* PBXContainerItemProxy */;
		};
		2F70235A2B0435C5003BD06D /* PBXTargetDependency */ = {
			isa = PBXTargetDependency;
			target = 2F7023362B0435C2003BD06D /* jeraldjournal */;
			targetProxy = 2F7023592B0435C5003BD06D /* PBXContainerItemProxy */;
		};
/* End PBXTargetDependency section */

/* Begin XCBuildConfiguration section */
		2F7023602B0435C5003BD06D /* Debug */ = {
			isa = XCBuildConfiguration;
			buildSettings = {
				ALWAYS_SEARCH_USER_PATHS = NO;
				ASSETCATALOG_COMPILER_GENERATE_SWIFT_ASSET_SYMBOL_EXTENSIONS = YES;
				CLANG_ANALYZER_NONNULL = YES;
				CLANG_ANALYZER_NUMBER_OBJECT_CONVERSION = YES_AGGRESSIVE;
				CLANG_CXX_LANGUAGE_STANDARD = "gnu++20";
				CLANG_ENABLE_MODULES = YES;
				CLANG_ENABLE_OBJC_ARC = YES;
				CLANG_ENABLE_OBJC_WEAK = YES;
				CLANG_WARN_BLOCK_CAPTURE_AUTORELEASING = YES;
				CLANG_WARN_BOOL_CONVERSION = YES;
				CLANG_WARN_COMMA = YES;
				CLANG_WARN_CONSTANT_CONVERSION = YES;
				CLANG_WARN_DEPRECATED_OBJC_IMPLEMENTATIONS = YES;
				CLANG_WARN_DIRECT_OBJC_ISA_USAGE = YES_ERROR;
				CLANG_WARN_DOCUMENTATION_COMMENTS = YES;
				CLANG_WARN_EMPTY_BODY = YES;
				CLANG_WARN_ENUM_CONVERSION = YES;
				CLANG_WARN_INFINITE_RECURSION = YES;
				CLANG_WARN_INT_CONVERSION = YES;
				CLANG_WARN_NON_LITERAL_NULL_CONVERSION = YES;
				CLANG_WARN_OBJC_IMPLICIT_RETAIN_SELF = YES;
				CLANG_WARN_OBJC_LITERAL_CONVERSION = YES;
				CLANG_WARN_OBJC_ROOT_CLASS = YES_ERROR;
				CLANG_WARN_QUOTED_INCLUDE_IN_FRAMEWORK_HEADER = YES;
				CLANG_WARN_RANGE_LOOP_ANALYSIS = YES;
				CLANG_WARN_STRICT_PROTOTYPES = YES;
				CLANG_WARN_SUSPICIOUS_MOVE = YES;
				CLANG_WARN_UNGUARDED_AVAILABILITY = YES_AGGRESSIVE;
				CLANG_WARN_UNREACHABLE_CODE = YES;
				CLANG_WARN__DUPLICATE_METHOD_MATCH = YES;
				COPY_PHASE_STRIP = NO;
				DEBUG_INFORMATION_FORMAT = dwarf;
				ENABLE_STRICT_OBJC_MSGSEND = YES;
				ENABLE_TESTABILITY = YES;
				ENABLE_USER_SCRIPT_SANDBOXING = YES;
				GCC_C_LANGUAGE_STANDARD = gnu17;
				GCC_DYNAMIC_NO_PIC = NO;
				GCC_NO_COMMON_BLOCKS = YES;
				GCC_OPTIMIZATION_LEVEL = 0;
				GCC_PREPROCESSOR_DEFINITIONS = (
					"DEBUG=1",
					"$(inherited)",
				);
				GCC_WARN_64_TO_32_BIT_CONVERSION = YES;
				GCC_WARN_ABOUT_RETURN_TYPE = YES_ERROR;
				GCC_WARN_UNDECLARED_SELECTOR = YES;
				GCC_WARN_UNINITIALIZED_AUTOS = YES_AGGRESSIVE;
				GCC_WARN_UNUSED_FUNCTION = YES;
				GCC_WARN_UNUSED_VARIABLE = YES;
				IPHONEOS_DEPLOYMENT_TARGET = 17.0;
				LOCALIZATION_PREFERS_STRING_CATALOGS = YES;
				MTL_ENABLE_DEBUG_INFO = INCLUDE_SOURCE;
				MTL_FAST_MATH = YES;
				ONLY_ACTIVE_ARCH = YES;
				SDKROOT = iphoneos;
				SWIFT_ACTIVE_COMPILATION_CONDITIONS = "DEBUG $(inherited)";
				SWIFT_OPTIMIZATION_LEVEL = "-Onone";
			};
			name = Debug;
		};
		2F7023612B0435C5003BD06D /* Release */ = {
			isa = XCBuildConfiguration;
			buildSettings = {
				ALWAYS_SEARCH_USER_PATHS = NO;
				ASSETCATALOG_COMPILER_GENERATE_SWIFT_ASSET_SYMBOL_EXTENSIONS = YES;
				CLANG_ANALYZER_NONNULL = YES;
				CLANG_ANALYZER_NUMBER_OBJECT_CONVERSION = YES_AGGRESSIVE;
				CLANG_CXX_LANGUAGE_STANDARD = "gnu++20";
				CLANG_ENABLE_MODULES = YES;
				CLANG_ENABLE_OBJC_ARC = YES;
				CLANG_ENABLE_OBJC_WEAK = YES;
				CLANG_WARN_BLOCK_CAPTURE_AUTORELEASING = YES;
				CLANG_WARN_BOOL_CONVERSION = YES;
				CLANG_WARN_COMMA = YES;
				CLANG_WARN_CONSTANT_CONVERSION = YES;
				CLANG_WARN_DEPRECATED_OBJC_IMPLEMENTATIONS = YES;
				CLANG_WARN_DIRECT_OBJC_ISA_USAGE = YES_ERROR;
				CLANG_WARN_DOCUMENTATION_COMMENTS = YES;
				CLANG_WARN_EMPTY_BODY = YES;
				CLANG_WARN_ENUM_CONVERSION = YES;
				CLANG_WARN_INFINITE_RECURSION = YES;
				CLANG_WARN_INT_CONVERSION = YES;
				CLANG_WARN_NON_LITERAL_NULL_CONVERSION = YES;
				CLANG_WARN_OBJC_IMPLICIT_RETAIN_SELF = YES;
				CLANG_WARN_OBJC_LITERAL_CONVERSION = YES;
				CLANG_WARN_OBJC_ROOT_CLASS = YES_ERROR;
				CLANG_WARN_QUOTED_INCLUDE_IN_FRAMEWORK_HEADER = YES;
				CLANG_WARN_RANGE_LOOP_ANALYSIS = YES;
				CLANG_WARN_STRICT_PROTOTYPES = YES;
				CLANG_WARN_SUSPICIOUS_MOVE = YES;
				CLANG_WARN_UNGUARDED_AVAILABILITY = YES_AGGRESSIVE;
				CLANG_WARN_UNREACHABLE_CODE = YES;
				CLANG_WARN__DUPLICATE_METHOD_MATCH = YES;
				COPY_PHASE_STRIP = NO;
				DEBUG_INFORMATION_FORMAT = "dwarf-with-dsym";
				ENABLE_NS_ASSERTIONS = NO;
				ENABLE_STRICT_OBJC_MSGSEND = YES;
				ENABLE_USER_SCRIPT_SANDBOXING = YES;
				GCC_C_LANGUAGE_STANDARD = gnu17;
				GCC_NO_COMMON_BLOCKS = YES;
				GCC_WARN_64_TO_32_BIT_CONVERSION = YES;
				GCC_WARN_ABOUT_RETURN_TYPE = YES_ERROR;
				GCC_WARN_UNDECLARED_SELECTOR = YES;
				GCC_WARN_UNINITIALIZED_AUTOS = YES_AGGRESSIVE;
				GCC_WARN_UNUSED_FUNCTION = YES;
				GCC_WARN_UNUSED_VARIABLE = YES;
				IPHONEOS_DEPLOYMENT_TARGET = 17.0;
				LOCALIZATION_PREFERS_STRING_CATALOGS = YES;
				MTL_ENABLE_DEBUG_INFO = NO;
				MTL_FAST_MATH = YES;
				SDKROOT = iphoneos;
				SWIFT_COMPILATION_MODE = wholemodule;
				VALIDATE_PRODUCT = YES;
			};
			name = Release;
		};
		2F7023632B0435C5003BD06D /* Debug */ = {
			isa = XCBuildConfiguration;
			buildSettings = {
				ASSETCATALOG_COMPILER_APPICON_NAME = AppIcon;
				ASSETCATALOG_COMPILER_GLOBAL_ACCENT_COLOR_NAME = AccentColor;
				CODE_SIGN_ENTITLEMENTS = jeraldjournal/jeraldjournal.entitlements;
				CODE_SIGN_STYLE = Automatic;
				CURRENT_PROJECT_VERSION = 1;
				DEVELOPMENT_ASSET_PATHS = "\"jeraldjournal/Preview Content\"";
				DEVELOPMENT_TEAM = 5A345X4X73;
				ENABLE_PREVIEWS = YES;
				GENERATE_INFOPLIST_FILE = YES;
				INFOPLIST_FILE = jeraldjournal/Info.plist;
				INFOPLIST_KEY_UIApplicationSceneManifest_Generation = YES;
				INFOPLIST_KEY_UIApplicationSupportsIndirectInputEvents = YES;
				INFOPLIST_KEY_UILaunchScreen_Generation = YES;
				INFOPLIST_KEY_UISupportedInterfaceOrientations_iPad = "UIInterfaceOrientationPortrait UIInterfaceOrientationPortraitUpsideDown UIInterfaceOrientationLandscapeLeft UIInterfaceOrientationLandscapeRight";
				INFOPLIST_KEY_UISupportedInterfaceOrientations_iPhone = "UIInterfaceOrientationPortrait UIInterfaceOrientationLandscapeLeft UIInterfaceOrientationLandscapeRight";
				LD_RUNPATH_SEARCH_PATHS = (
					"$(inherited)",
					"@executable_path/Frameworks",
				);
				MARKETING_VERSION = 1.0;
				PRODUCT_BUNDLE_IDENTIFIER = com.candid.jeraldjournal;
				PRODUCT_NAME = "$(TARGET_NAME)";
				SWIFT_EMIT_LOC_STRINGS = YES;
				SWIFT_VERSION = 5.0;
				TARGETED_DEVICE_FAMILY = "1,2";
			};
			name = Debug;
		};
		2F7023642B0435C5003BD06D /* Release */ = {
			isa = XCBuildConfiguration;
			buildSettings = {
				ASSETCATALOG_COMPILER_APPICON_NAME = AppIcon;
				ASSETCATALOG_COMPILER_GLOBAL_ACCENT_COLOR_NAME = AccentColor;
				CODE_SIGN_ENTITLEMENTS = jeraldjournal/jeraldjournal.entitlements;
				CODE_SIGN_STYLE = Automatic;
				CURRENT_PROJECT_VERSION = 1;
				DEVELOPMENT_ASSET_PATHS = "\"jeraldjournal/Preview Content\"";
				DEVELOPMENT_TEAM = 5A345X4X73;
				ENABLE_PREVIEWS = YES;
				GENERATE_INFOPLIST_FILE = YES;
				INFOPLIST_FILE = jeraldjournal/Info.plist;
				INFOPLIST_KEY_UIApplicationSceneManifest_Generation = YES;
				INFOPLIST_KEY_UIApplicationSupportsIndirectInputEvents = YES;
				INFOPLIST_KEY_UILaunchScreen_Generation = YES;
				INFOPLIST_KEY_UISupportedInterfaceOrientations_iPad = "UIInterfaceOrientationPortrait UIInterfaceOrientationPortraitUpsideDown UIInterfaceOrientationLandscapeLeft UIInterfaceOrientationLandscapeRight";
				INFOPLIST_KEY_UISupportedInterfaceOrientations_iPhone = "UIInterfaceOrientationPortrait UIInterfaceOrientationLandscapeLeft UIInterfaceOrientationLandscapeRight";
				LD_RUNPATH_SEARCH_PATHS = (
					"$(inherited)",
					"@executable_path/Frameworks",
				);
				MARKETING_VERSION = 1.0;
				PRODUCT_BUNDLE_IDENTIFIER = com.candid.jeraldjournal;
				PRODUCT_NAME = "$(TARGET_NAME)";
				SWIFT_EMIT_LOC_STRINGS = YES;
				SWIFT_VERSION = 5.0;
				TARGETED_DEVICE_FAMILY = "1,2";
			};
			name = Release;
		};
		2F7023662B0435C5003BD06D /* Debug */ = {
			isa = XCBuildConfiguration;
			buildSettings = {
				ALWAYS_EMBED_SWIFT_STANDARD_LIBRARIES = YES;
				BUNDLE_LOADER = "$(TEST_HOST)";
				CODE_SIGN_STYLE = Automatic;
				CURRENT_PROJECT_VERSION = 1;
				DEVELOPMENT_TEAM = 5A345X4X73;
				GENERATE_INFOPLIST_FILE = YES;
				IPHONEOS_DEPLOYMENT_TARGET = 17.0;
				MARKETING_VERSION = 1.0;
				PRODUCT_BUNDLE_IDENTIFIER = com.candid.jeraldjournalTests;
				PRODUCT_NAME = "$(TARGET_NAME)";
				SWIFT_EMIT_LOC_STRINGS = NO;
				SWIFT_VERSION = 5.0;
				TARGETED_DEVICE_FAMILY = "1,2";
				TEST_HOST = "$(BUILT_PRODUCTS_DIR)/jeraldjournal.app/$(BUNDLE_EXECUTABLE_FOLDER_PATH)/jeraldjournal";
			};
			name = Debug;
		};
		2F7023672B0435C5003BD06D /* Release */ = {
			isa = XCBuildConfiguration;
			buildSettings = {
				ALWAYS_EMBED_SWIFT_STANDARD_LIBRARIES = YES;
				BUNDLE_LOADER = "$(TEST_HOST)";
				CODE_SIGN_STYLE = Automatic;
				CURRENT_PROJECT_VERSION = 1;
				DEVELOPMENT_TEAM = 5A345X4X73;
				GENERATE_INFOPLIST_FILE = YES;
				IPHONEOS_DEPLOYMENT_TARGET = 17.0;
				MARKETING_VERSION = 1.0;
				PRODUCT_BUNDLE_IDENTIFIER = com.candid.jeraldjournalTests;
				PRODUCT_NAME = "$(TARGET_NAME)";
				SWIFT_EMIT_LOC_STRINGS = NO;
				SWIFT_VERSION = 5.0;
				TARGETED_DEVICE_FAMILY = "1,2";
				TEST_HOST = "$(BUILT_PRODUCTS_DIR)/jeraldjournal.app/$(BUNDLE_EXECUTABLE_FOLDER_PATH)/jeraldjournal";
			};
			name = Release;
		};
		2F7023692B0435C5003BD06D /* Debug */ = {
			isa = XCBuildConfiguration;
			buildSettings = {
				ALWAYS_EMBED_SWIFT_STANDARD_LIBRARIES = YES;
				CODE_SIGN_STYLE = Automatic;
				CURRENT_PROJECT_VERSION = 1;
				DEVELOPMENT_TEAM = 5A345X4X73;
				GENERATE_INFOPLIST_FILE = YES;
				MARKETING_VERSION = 1.0;
				PRODUCT_BUNDLE_IDENTIFIER = com.candid.jeraldjournalUITests;
				PRODUCT_NAME = "$(TARGET_NAME)";
				SWIFT_EMIT_LOC_STRINGS = NO;
				SWIFT_VERSION = 5.0;
				TARGETED_DEVICE_FAMILY = "1,2";
				TEST_TARGET_NAME = jeraldjournal;
			};
			name = Debug;
		};
		2F70236A2B0435C5003BD06D /* Release */ = {
			isa = XCBuildConfiguration;
			buildSettings = {
				ALWAYS_EMBED_SWIFT_STANDARD_LIBRARIES = YES;
				CODE_SIGN_STYLE = Automatic;
				CURRENT_PROJECT_VERSION = 1;
				DEVELOPMENT_TEAM = 5A345X4X73;
				GENERATE_INFOPLIST_FILE = YES;
				MARKETING_VERSION = 1.0;
				PRODUCT_BUNDLE_IDENTIFIER = com.candid.jeraldjournalUITests;
				PRODUCT_NAME = "$(TARGET_NAME)";
				SWIFT_EMIT_LOC_STRINGS = NO;
				SWIFT_VERSION = 5.0;
				TARGETED_DEVICE_FAMILY = "1,2";
				TEST_TARGET_NAME = jeraldjournal;
			};
			name = Release;
		};
/* End XCBuildConfiguration section */

/* Begin XCConfigurationList section */
		2F7023322B0435C2003BD06D /* Build configuration list for PBXProject "jeraldjournal" */ = {
			isa = XCConfigurationList;
			buildConfigurations = (
				2F7023602B0435C5003BD06D /* Debug */,
				2F7023612B0435C5003BD06D /* Release */,
			);
			defaultConfigurationIsVisible = 0;
			defaultConfigurationName = Release;
		};
		2F7023622B0435C5003BD06D /* Build configuration list for PBXNativeTarget "jeraldjournal" */ = {
			isa = XCConfigurationList;
			buildConfigurations = (
				2F7023632B0435C5003BD06D /* Debug */,
				2F7023642B0435C5003BD06D /* Release */,
			);
			defaultConfigurationIsVisible = 0;
			defaultConfigurationName = Release;
		};
		2F7023652B0435C5003BD06D /* Build configuration list for PBXNativeTarget "jeraldjournalTests" */ = {
			isa = XCConfigurationList;
			buildConfigurations = (
				2F7023662B0435C5003BD06D /* Debug */,
				2F7023672B0435C5003BD06D /* Release */,
			);
			defaultConfigurationIsVisible = 0;
			defaultConfigurationName = Release;
		};
		2F7023682B0435C5003BD06D /* Build configuration list for PBXNativeTarget "jeraldjournalUITests" */ = {
			isa = XCConfigurationList;
			buildConfigurations = (
				2F7023692B0435C5003BD06D /* Debug */,
				2F70236A2B0435C5003BD06D /* Release */,
			);
			defaultConfigurationIsVisible = 0;
			defaultConfigurationName = Release;
		};
/* End XCConfigurationList section */

/* Begin XCRemoteSwiftPackageReference section */
		2F7023752B0436F7003BD06D /* XCRemoteSwiftPackageReference "OpenAI" */ = {
			isa = XCRemoteSwiftPackageReference;
			repositoryURL = "https://github.com/MacPaw/OpenAI.git";
			requirement = {
				kind = upToNextMajorVersion;
				minimumVersion = 0.2.4;
			};
		};
		2FEAC2582B044ABA00261A7D /* XCRemoteSwiftPackageReference "firebase-ios-sdk" */ = {
			isa = XCRemoteSwiftPackageReference;
			repositoryURL = "https://github.com/firebase/firebase-ios-sdk";
			requirement = {
				kind = upToNextMajorVersion;
				minimumVersion = 10.18.0;
			};
		};
/* End XCRemoteSwiftPackageReference section */

/* Begin XCSwiftPackageProductDependency section */
		2F7023762B0436F7003BD06D /* OpenAI */ = {
			isa = XCSwiftPackageProductDependency;
			package = 2F7023752B0436F7003BD06D /* XCRemoteSwiftPackageReference "OpenAI" */;
			productName = OpenAI;
		};
		2FEAC2682B0459F500261A7D /* FirebaseAnalytics */ = {
			isa = XCSwiftPackageProductDependency;
			package = 2FEAC2582B044ABA00261A7D /* XCRemoteSwiftPackageReference "firebase-ios-sdk" */;
			productName = FirebaseAnalytics;
		};
		2FEAC26A2B0459F500261A7D /* FirebaseAnalyticsOnDeviceConversion */ = {
			isa = XCSwiftPackageProductDependency;
			package = 2FEAC2582B044ABA00261A7D /* XCRemoteSwiftPackageReference "firebase-ios-sdk" */;
			productName = FirebaseAnalyticsOnDeviceConversion;
		};
		2FEAC26C2B0459F500261A7D /* FirebaseAnalyticsSwift */ = {
			isa = XCSwiftPackageProductDependency;
			package = 2FEAC2582B044ABA00261A7D /* XCRemoteSwiftPackageReference "firebase-ios-sdk" */;
			productName = FirebaseAnalyticsSwift;
		};
		2FEAC26E2B0459F500261A7D /* FirebaseAnalyticsWithoutAdIdSupport */ = {
			isa = XCSwiftPackageProductDependency;
			package = 2FEAC2582B044ABA00261A7D /* XCRemoteSwiftPackageReference "firebase-ios-sdk" */;
			productName = FirebaseAnalyticsWithoutAdIdSupport;
		};
		2FEAC2702B0459F500261A7D /* FirebaseAppCheck */ = {
			isa = XCSwiftPackageProductDependency;
			package = 2FEAC2582B044ABA00261A7D /* XCRemoteSwiftPackageReference "firebase-ios-sdk" */;
			productName = FirebaseAppCheck;
		};
		2FEAC2722B0459F500261A7D /* FirebaseAppDistribution-Beta */ = {
			isa = XCSwiftPackageProductDependency;
			package = 2FEAC2582B044ABA00261A7D /* XCRemoteSwiftPackageReference "firebase-ios-sdk" */;
			productName = "FirebaseAppDistribution-Beta";
		};
		2FEAC2742B0459F500261A7D /* FirebaseAuth */ = {
			isa = XCSwiftPackageProductDependency;
			package = 2FEAC2582B044ABA00261A7D /* XCRemoteSwiftPackageReference "firebase-ios-sdk" */;
			productName = FirebaseAuth;
		};
		2FEAC2762B0459F500261A7D /* FirebaseAuthCombine-Community */ = {
			isa = XCSwiftPackageProductDependency;
			package = 2FEAC2582B044ABA00261A7D /* XCRemoteSwiftPackageReference "firebase-ios-sdk" */;
			productName = "FirebaseAuthCombine-Community";
		};
		2FEAC2782B0459F500261A7D /* FirebaseCrashlytics */ = {
			isa = XCSwiftPackageProductDependency;
			package = 2FEAC2582B044ABA00261A7D /* XCRemoteSwiftPackageReference "firebase-ios-sdk" */;
			productName = FirebaseCrashlytics;
		};
		2FEAC27A2B0459F500261A7D /* FirebaseDatabase */ = {
			isa = XCSwiftPackageProductDependency;
			package = 2FEAC2582B044ABA00261A7D /* XCRemoteSwiftPackageReference "firebase-ios-sdk" */;
			productName = FirebaseDatabase;
		};
		2FEAC27C2B0459F500261A7D /* FirebaseDatabaseSwift */ = {
			isa = XCSwiftPackageProductDependency;
			package = 2FEAC2582B044ABA00261A7D /* XCRemoteSwiftPackageReference "firebase-ios-sdk" */;
			productName = FirebaseDatabaseSwift;
		};
		2FEAC27E2B0459F500261A7D /* FirebaseDynamicLinks */ = {
			isa = XCSwiftPackageProductDependency;
			package = 2FEAC2582B044ABA00261A7D /* XCRemoteSwiftPackageReference "firebase-ios-sdk" */;
			productName = FirebaseDynamicLinks;
		};
		2FEAC2802B0459F500261A7D /* FirebaseFirestore */ = {
			isa = XCSwiftPackageProductDependency;
			package = 2FEAC2582B044ABA00261A7D /* XCRemoteSwiftPackageReference "firebase-ios-sdk" */;
			productName = FirebaseFirestore;
		};
		2FEAC2822B0459F500261A7D /* FirebaseFirestoreCombine-Community */ = {
			isa = XCSwiftPackageProductDependency;
			package = 2FEAC2582B044ABA00261A7D /* XCRemoteSwiftPackageReference "firebase-ios-sdk" */;
			productName = "FirebaseFirestoreCombine-Community";
		};
		2FEAC2842B0459F500261A7D /* FirebaseFirestoreSwift */ = {
			isa = XCSwiftPackageProductDependency;
			package = 2FEAC2582B044ABA00261A7D /* XCRemoteSwiftPackageReference "firebase-ios-sdk" */;
			productName = FirebaseFirestoreSwift;
		};
		2FEAC2862B0459F500261A7D /* FirebaseFunctions */ = {
			isa = XCSwiftPackageProductDependency;
			package = 2FEAC2582B044ABA00261A7D /* XCRemoteSwiftPackageReference "firebase-ios-sdk" */;
			productName = FirebaseFunctions;
		};
		2FEAC2882B0459F500261A7D /* FirebaseFunctionsCombine-Community */ = {
			isa = XCSwiftPackageProductDependency;
			package = 2FEAC2582B044ABA00261A7D /* XCRemoteSwiftPackageReference "firebase-ios-sdk" */;
			productName = "FirebaseFunctionsCombine-Community";
		};
		2FEAC28A2B0459F500261A7D /* FirebaseInAppMessaging-Beta */ = {
			isa = XCSwiftPackageProductDependency;
			package = 2FEAC2582B044ABA00261A7D /* XCRemoteSwiftPackageReference "firebase-ios-sdk" */;
			productName = "FirebaseInAppMessaging-Beta";
		};
		2FEAC28C2B0459F500261A7D /* FirebaseInAppMessagingSwift-Beta */ = {
			isa = XCSwiftPackageProductDependency;
			package = 2FEAC2582B044ABA00261A7D /* XCRemoteSwiftPackageReference "firebase-ios-sdk" */;
			productName = "FirebaseInAppMessagingSwift-Beta";
		};
		2FEAC28E2B0459F500261A7D /* FirebaseInstallations */ = {
			isa = XCSwiftPackageProductDependency;
			package = 2FEAC2582B044ABA00261A7D /* XCRemoteSwiftPackageReference "firebase-ios-sdk" */;
			productName = FirebaseInstallations;
		};
		2FEAC2902B0459F500261A7D /* FirebaseMessaging */ = {
			isa = XCSwiftPackageProductDependency;
			package = 2FEAC2582B044ABA00261A7D /* XCRemoteSwiftPackageReference "firebase-ios-sdk" */;
			productName = FirebaseMessaging;
		};
		2FEAC2922B0459F500261A7D /* FirebaseMLModelDownloader */ = {
			isa = XCSwiftPackageProductDependency;
			package = 2FEAC2582B044ABA00261A7D /* XCRemoteSwiftPackageReference "firebase-ios-sdk" */;
			productName = FirebaseMLModelDownloader;
		};
		2FEAC2942B0459F500261A7D /* FirebasePerformance */ = {
			isa = XCSwiftPackageProductDependency;
			package = 2FEAC2582B044ABA00261A7D /* XCRemoteSwiftPackageReference "firebase-ios-sdk" */;
			productName = FirebasePerformance;
		};
		2FEAC2962B0459F500261A7D /* FirebaseRemoteConfig */ = {
			isa = XCSwiftPackageProductDependency;
			package = 2FEAC2582B044ABA00261A7D /* XCRemoteSwiftPackageReference "firebase-ios-sdk" */;
			productName = FirebaseRemoteConfig;
		};
		2FEAC2982B0459F500261A7D /* FirebaseRemoteConfigSwift */ = {
			isa = XCSwiftPackageProductDependency;
			package = 2FEAC2582B044ABA00261A7D /* XCRemoteSwiftPackageReference "firebase-ios-sdk" */;
			productName = FirebaseRemoteConfigSwift;
		};
		2FEAC29A2B0459F500261A7D /* FirebaseStorage */ = {
			isa = XCSwiftPackageProductDependency;
			package = 2FEAC2582B044ABA00261A7D /* XCRemoteSwiftPackageReference "firebase-ios-sdk" */;
			productName = FirebaseStorage;
		};
		2FEAC29C2B0459F500261A7D /* FirebaseStorageCombine-Community */ = {
			isa = XCSwiftPackageProductDependency;
			package = 2FEAC2582B044ABA00261A7D /* XCRemoteSwiftPackageReference "firebase-ios-sdk" */;
			productName = "FirebaseStorageCombine-Community";
		};
/* End XCSwiftPackageProductDependency section */

/* Begin XCVersionGroup section */
		2F7023452B0435C5003BD06D /* jeraldjournal.xcdatamodeld */ = {
			isa = XCVersionGroup;
			children = (
				2F7023462B0435C5003BD06D /* jeraldjournal.xcdatamodel */,
			);
			currentVersion = 2F7023462B0435C5003BD06D /* jeraldjournal.xcdatamodel */;
			path = jeraldjournal.xcdatamodeld;
			sourceTree = "<group>";
			versionGroupType = wrapper.xcdatamodel;
		};
/* End XCVersionGroup section */
	};
	rootObject = 2F70232F2B0435C2003BD06D /* Project object */;
}
